%{"exactor": {:hex, :exactor, "2.2.0"},
  "exjsx": {:hex, :exjsx, "3.2.0"},
  "exvcr": {:git, "git://github.com/parroty/exvcr.git", "aa61c1899e45b4c2d2299732648f3800b0eac1af", []},
  "hackney": {:hex, :hackney, "1.3.2"},
  "httpoison": {:hex, :httpoison, "0.7.4"},
  "idna": {:hex, :idna, "1.0.2"},
  "jsex": {:hex, :jsex, "2.0.0"},
  "json": {:hex, :json, "0.3.2"},
  "jsx": {:hex, :jsx, "2.6.2"},
  "meck": {:hex, :meck, "0.8.3"},
  "poison": {:hex, :poison, "1.5.0"},
  "ssl_verify_hostname": {:hex, :ssl_verify_hostname, "1.0.5"}}
